
Microsoft Visual Studio Solution File, Format Version 12.00
# Visual Studio Version 16
VisualStudioVersion = 16.0.30804.86
MinimumVisualStudioVersion = 10.0.40219.1
Project("{FAE04EC0-301F-11D3-BF4B-00C04F79EFBC}") = "CW 4 - PhoneTypeChecker", "CW 4 - PhoneTypeChecker\CW 4 - PhoneTypeChecker.csproj", "{A2EE0CD6-162A-442B-917B-B6EAB8F1F9A5}"
EndProject
Global
	GlobalSection(SolutionConfigurationPlatforms) = preSolution
		Debug|Any CPU = Debug|Any CPU
		Release|Any CPU = Release|Any CPU
	EndGlobalSection
	GlobalSection(ProjectConfigurationPlatforms) = postSolution
		{A2EE0CD6-162A-442B-917B-B6EAB8F1F9A5}.Debug|Any CPU.ActiveCfg = Debug|Any CPU
		{A2EE0CD6-162A-442B-917B-B6EAB8F1F9A5}.Debug|Any CPU.Build.0 = Debug|Any CPU
		{A2EE0CD6-162A-442B-917B-B6EAB8F1F9A5}.Release|Any CPU.ActiveCfg = Release|Any CPU
		{A2EE0CD6-162A-442B-917B-B6EAB8F1F9A5}.Release|Any CPU.Build.0 = Release|Any CPU
	EndGlobalSection
	GlobalSection(SolutionProperties) = preSolution
		HideSolutionNode = FALSE
	EndGlobalSection
	GlobalSection(ExtensibilityGlobals) = postSolution
		SolutionGuid = {EFD27139-A0EB-4B27-A30E-9C8345BA089B}
	EndGlobalSection
EndGlobal
